Microsoft Visual Studio Solution File, Format Version 11.00
# Visual Studio 2008

Project("{99D380E5-0A74-1D27-9B8A-A018A8A30FFB}") = "NewtonsLawsOfMotion", "Assembly-CSharp.csproj", "{37D16371-0A63-ACAA-9E29-41C1929FB67A}"
EndProject
Global
	GlobalSection(SolutionConfigurationPlatforms) = preSolution
		Debug|Any CPU = Debug|Any CPU
		Release|Any CPU = Release|Any CPU
	EndGlobalSection
	GlobalSection(ProjectConfigurationPlatforms) = postSolution
		{37D16371-0A63-ACAA-9E29-41C1929FB67A}.Debug|Any CPU.ActiveCfg = Debug|Any CPU
		{37D16371-0A63-ACAA-9E29-41C1929FB67A}.Debug|Any CPU.Build.0 = Debug|Any CPU
		{37D16371-0A63-ACAA-9E29-41C1929FB67A}.Release|Any CPU.ActiveCfg = Release|Any CPU
		{37D16371-0A63-ACAA-9E29-41C1929FB67A}.Release|Any CPU.Build.0 = Release|Any CPU
	EndGlobalSection
	GlobalSection(SolutionProperties) = preSolution
		HideSolutionNode = FALSE
	EndGlobalSection
	GlobalSection(MonoDevelopProperties) = preSolution
		StartupItem = Assembly-CSharp.csproj
	EndGlobalSection
EndGlobal
